// !$*UTF8*$!
{
	archiveVersion = 1;
	classes = {
	};
	objectVersion = 56;
	objects = {

/* Begin PBXBuildFile section */
		5188EEB42AF12838001F6A05 /* SwiftUIAuthTutorialApp.swift in Sources */ = {isa = PBXBuildFile; fileRef = 5188EEB32AF12838001F6A05 /* SwiftUIAuthTutorialApp.swift */; };
		5188EEB62AF12838001F6A05 /* ContentView.swift in Sources */ = {isa = PBXBuildFile; fileRef = 5188EEB52AF12838001F6A05 /* ContentView.swift */; };
		5188EEB82AF1283A001F6A05 /* Assets.xcassets in Resources */ = {isa = PBXBuildFile; fileRef = 5188EEB72AF1283A001F6A05 /* Assets.xcassets */; };
		5188EEBB2AF1283A001F6A05 /* Preview Assets.xcassets in Resources */ = {isa = PBXBuildFile; fileRef = 5188EEBA2AF1283A001F6A05 /* Preview Assets.xcassets */; };
		5188EEC92AF12E53001F6A05 /* LoginView.swift in Sources */ = {isa = PBXBuildFile; fileRef = 5188EEC82AF12E53001F6A05 /* LoginView.swift */; };
		5188EECB2AF1340B001F6A05 /* InputView.swift in Sources */ = {isa = PBXBuildFile; fileRef = 5188EECA2AF1340B001F6A05 /* InputView.swift */; };
		5188EECD2AF21AB2001F6A05 /* RegistrationView.swift in Sources */ = {isa = PBXBuildFile; fileRef = 5188EECC2AF21AB2001F6A05 /* RegistrationView.swift */; };
		5188EECF2AF228C3001F6A05 /* ProfileView.swift in Sources */ = {isa = PBXBuildFile; fileRef = 5188EECE2AF228C3001F6A05 /* ProfileView.swift */; };
		5188EED12AF23004001F6A05 /* SettingsRowView.swift in Sources */ = {isa = PBXBuildFile; fileRef = 5188EED02AF23004001F6A05 /* SettingsRowView.swift */; };
		5188EED32AF236E2001F6A05 /* User.swift in Sources */ = {isa = PBXBuildFile; fileRef = 5188EED22AF236E2001F6A05 /* User.swift */; };
		5188EED52AF23FF9001F6A05 /* GoogleService-Info.plist in Resources */ = {isa = PBXBuildFile; fileRef = 5188EED42AF23FF9001F6A05 /* GoogleService-Info.plist */; };
		5188EED82AF2414C001F6A05 /* FirebaseAnalytics in Frameworks */ = {isa = PBXBuildFile; productRef = 5188EED72AF2414C001F6A05 /* FirebaseAnalytics */; };
		5188EEDA2AF2414C001F6A05 /* FirebaseAnalyticsOnDeviceConversion in Frameworks */ = {isa = PBXBuildFile; productRef = 5188EED92AF2414C001F6A05 /* FirebaseAnalyticsOnDeviceConversion */; };
		5188EEDC2AF2414C001F6A05 /* FirebaseAnalyticsSwift in Frameworks */ = {isa = PBXBuildFile; productRef = 5188EEDB2AF2414C001F6A05 /* FirebaseAnalyticsSwift */; };
		5188EEDE2AF2414C001F6A05 /* FirebaseAnalyticsWithoutAdIdSupport in Frameworks */ = {isa = PBXBuildFile; productRef = 5188EEDD2AF2414C001F6A05 /* FirebaseAnalyticsWithoutAdIdSupport */; };
		5188EEE02AF2414C001F6A05 /* FirebaseAppCheck in Frameworks */ = {isa = PBXBuildFile; productRef = 5188EEDF2AF2414C001F6A05 /* FirebaseAppCheck */; };
		5188EEE22AF2414C001F6A05 /* FirebaseAppDistribution-Beta in Frameworks */ = {isa = PBXBuildFile; productRef = 5188EEE12AF2414C001F6A05 /* FirebaseAppDistribution-Beta */; };
		5188EEE42AF2414C001F6A05 /* FirebaseAuth in Frameworks */ = {isa = PBXBuildFile; productRef = 5188EEE32AF2414C001F6A05 /* FirebaseAuth */; };
		5188EEE62AF2414C001F6A05 /* FirebaseAuthCombine-Community in Frameworks */ = {isa = PBXBuildFile; productRef = 5188EEE52AF2414C001F6A05 /* FirebaseAuthCombine-Community */; };
		5188EEE82AF2414C001F6A05 /* FirebaseCrashlytics in Frameworks */ = {isa = PBXBuildFile; productRef = 5188EEE72AF2414C001F6A05 /* FirebaseCrashlytics */; };
		5188EEEA2AF2414C001F6A05 /* FirebaseDatabase in Frameworks */ = {isa = PBXBuildFile; productRef = 5188EEE92AF2414C001F6A05 /* FirebaseDatabase */; };
		5188EEEC2AF2414C001F6A05 /* FirebaseDatabaseSwift in Frameworks */ = {isa = PBXBuildFile; productRef = 5188EEEB2AF2414C001F6A05 /* FirebaseDatabaseSwift */; };
		5188EEEE2AF2414C001F6A05 /* FirebaseDynamicLinks in Frameworks */ = {isa = PBXBuildFile; productRef = 5188EEED2AF2414C001F6A05 /* FirebaseDynamicLinks */; };
		5188EEF02AF2414C001F6A05 /* FirebaseFirestore in Frameworks */ = {isa = PBXBuildFile; productRef = 5188EEEF2AF2414C001F6A05 /* FirebaseFirestore */; };
		5188EEF22AF2414C001F6A05 /* FirebaseFirestoreCombine-Community in Frameworks */ = {isa = PBXBuildFile; productRef = 5188EEF12AF2414C001F6A05 /* FirebaseFirestoreCombine-Community */; };
		5188EEF42AF2414C001F6A05 /* FirebaseFirestoreSwift in Frameworks */ = {isa = PBXBuildFile; productRef = 5188EEF32AF2414C001F6A05 /* FirebaseFirestoreSwift */; };
		5188EEF62AF2414C001F6A05 /* FirebaseFunctions in Frameworks */ = {isa = PBXBuildFile; productRef = 5188EEF52AF2414C001F6A05 /* FirebaseFunctions */; };
		5188EEF82AF2414C001F6A05 /* FirebaseFunctionsCombine-Community in Frameworks */ = {isa = PBXBuildFile; productRef = 5188EEF72AF2414C001F6A05 /* FirebaseFunctionsCombine-Community */; };
		5188EEFA2AF2414C001F6A05 /* FirebaseInAppMessaging-Beta in Frameworks */ = {isa = PBXBuildFile; productRef = 5188EEF92AF2414C001F6A05 /* FirebaseInAppMessaging-Beta */; };
		5188EEFC2AF2414C001F6A05 /* FirebaseInAppMessagingSwift-Beta in Frameworks */ = {isa = PBXBuildFile; productRef = 5188EEFB2AF2414C001F6A05 /* FirebaseInAppMessagingSwift-Beta */; };
		5188EEFE2AF2414C001F6A05 /* FirebaseInstallations in Frameworks */ = {isa = PBXBuildFile; productRef = 5188EEFD2AF2414C001F6A05 /* FirebaseInstallations */; };
		5188EF002AF2414C001F6A05 /* FirebaseMLModelDownloader in Frameworks */ = {isa = PBXBuildFile; productRef = 5188EEFF2AF2414C001F6A05 /* FirebaseMLModelDownloader */; };
		5188EF022AF2414C001F6A05 /* FirebaseMessaging in Frameworks */ = {isa = PBXBuildFile; productRef = 5188EF012AF2414C001F6A05 /* FirebaseMessaging */; };
		5188EF042AF2414C001F6A05 /* FirebasePerformance in Frameworks */ = {isa = PBXBuildFile; productRef = 5188EF032AF2414C001F6A05 /* FirebasePerformance */; };
		5188EF062AF2414C001F6A05 /* FirebaseRemoteConfig in Frameworks */ = {isa = PBXBuildFile; productRef = 5188EF052AF2414C001F6A05 /* FirebaseRemoteConfig */; };
		5188EF082AF2414C001F6A05 /* FirebaseRemoteConfigSwift in Frameworks */ = {isa = PBXBuildFile; productRef = 5188EF072AF2414C001F6A05 /* FirebaseRemoteConfigSwift */; };
		5188EF0A2AF2414C001F6A05 /* FirebaseStorage in Frameworks */ = {isa = PBXBuildFile; productRef = 5188EF092AF2414C001F6A05 /* FirebaseStorage */; };
		5188EF0C2AF2414C001F6A05 /* FirebaseStorageCombine-Community in Frameworks */ = {isa = PBXBuildFile; productRef = 5188EF0B2AF2414C001F6A05 /* FirebaseStorageCombine-Community */; };
		5188EF102AF255AA001F6A05 /* AuthViewModel.swift in Sources */ = {isa = PBXBuildFile; fileRef = 5188EF0F2AF255AA001F6A05 /* AuthViewModel.swift */; };
/* End PBXBuildFile section */

/* Begin PBXFileReference section */
		5188EEB02AF12838001F6A05 /* SwiftUIAuthTutorial.app */ = {isa = PBXFileReference; explicitFileType = wrapper.application; includeInIndex = 0; path = SwiftUIAuthTutorial.app; sourceTree = BUILT_PRODUCTS_DIR; };
		5188EEB32AF12838001F6A05 /* SwiftUIAuthTutorialApp.swift */ = {isa = PBXFileReference; lastKnownFileType = sourcecode.swift; path = SwiftUIAuthTutorialApp.swift; sourceTree = "<group>"; };
		5188EEB52AF12838001F6A05 /* ContentView.swift */ = {isa = PBXFileReference; lastKnownFileType = sourcecode.swift; path = ContentView.swift; sourceTree = "<group>"; };
		5188EEB72AF1283A001F6A05 /* Assets.xcassets */ = {isa = PBXFileReference; lastKnownFileType = folder.assetcatalog; path = Assets.xcassets; sourceTree = "<group>"; };
		5188EEBA2AF1283A001F6A05 /* Preview Assets.xcassets */ = {isa = PBXFileReference; lastKnownFileType = folder.assetcatalog; path = "Preview Assets.xcassets"; sourceTree = "<group>"; };
		5188EEC82AF12E53001F6A05 /* LoginView.swift */ = {isa = PBXFileReference; lastKnownFileType = sourcecode.swift; path = LoginView.swift; sourceTree = "<group>"; };
		5188EECA2AF1340B001F6A05 /* InputView.swift */ = {isa = PBXFileReference; lastKnownFileType = sourcecode.swift; path = InputView.swift; sourceTree = "<group>"; };
		5188EECC2AF21AB2001F6A05 /* RegistrationView.swift */ = {isa = PBXFileReference; lastKnownFileType = sourcecode.swift; path = RegistrationView.swift; sourceTree = "<group>"; };
		5188EECE2AF228C3001F6A05 /* ProfileView.swift */ = {isa = PBXFileReference; lastKnownFileType = sourcecode.swift; path = ProfileView.swift; sourceTree = "<group>"; };
		5188EED02AF23004001F6A05 /* SettingsRowView.swift */ = {isa = PBXFileReference; lastKnownFileType = sourcecode.swift; path = SettingsRowView.swift; sourceTree = "<group>"; };
		5188EED22AF236E2001F6A05 /* User.swift */ = {isa = PBXFileReference; lastKnownFileType = sourcecode.swift; path = User.swift; sourceTree = "<group>"; };
		5188EED42AF23FF9001F6A05 /* GoogleService-Info.plist */ = {isa = PBXFileReference; lastKnownFileType = text.plist; path = "GoogleService-Info.plist"; sourceTree = SOURCE_ROOT; };
		5188EF0F2AF255AA001F6A05 /* AuthViewModel.swift */ = {isa = PBXFileReference; lastKnownFileType = sourcecode.swift; path = AuthViewModel.swift; sourceTree = "<group>"; };
/* End PBXFileReference section */

/* Begin PBXFrameworksBuildPhase section */
		5188EEAD2AF12838001F6A05 /* Frameworks */ = {
			isa = PBXFrameworksBuildPhase;
			buildActionMask = 2147483647;
			files = (
				5188EEEA2AF2414C001F6A05 /* FirebaseDatabase in Frameworks */,
				5188EEF82AF2414C001F6A05 /* FirebaseFunctionsCombine-Community in Frameworks */,
				5188EEF02AF2414C001F6A05 /* FirebaseFirestore in Frameworks */,
				5188EEDC2AF2414C001F6A05 /* FirebaseAnalyticsSwift in Frameworks */,
				5188EED82AF2414C001F6A05 /* FirebaseAnalytics in Frameworks */,
				5188EEDA2AF2414C001F6A05 /* FirebaseAnalyticsOnDeviceConversion in Frameworks */,
				5188EF002AF2414C001F6A05 /* FirebaseMLModelDownloader in Frameworks */,
				5188EEF42AF2414C001F6A05 /* FirebaseFirestoreSwift in Frameworks */,
				5188EEE02AF2414C001F6A05 /* FirebaseAppCheck in Frameworks */,
				5188EEDE2AF2414C001F6A05 /* FirebaseAnalyticsWithoutAdIdSupport in Frameworks */,
				5188EEE42AF2414C001F6A05 /* FirebaseAuth in Frameworks */,
				5188EEE82AF2414C001F6A05 /* FirebaseCrashlytics in Frameworks */,
				5188EF082AF2414C001F6A05 /* FirebaseRemoteConfigSwift in Frameworks */,
				5188EEFA2AF2414C001F6A05 /* FirebaseInAppMessaging-Beta in Frameworks */,
				5188EEEC2AF2414C001F6A05 /* FirebaseDatabaseSwift in Frameworks */,
				5188EEF62AF2414C001F6A05 /* FirebaseFunctions in Frameworks */,
				5188EF0C2AF2414C001F6A05 /* FirebaseStorageCombine-Community in Frameworks */,
				5188EF062AF2414C001F6A05 /* FirebaseRemoteConfig in Frameworks */,
				5188EEE22AF2414C001F6A05 /* FirebaseAppDistribution-Beta in Frameworks */,
				5188EEE62AF2414C001F6A05 /* FirebaseAuthCombine-Community in Frameworks */,
				5188EF042AF2414C001F6A05 /* FirebasePerformance in Frameworks */,
				5188EEFC2AF2414C001F6A05 /* FirebaseInAppMessagingSwift-Beta in Frameworks */,
				5188EF0A2AF2414C001F6A05 /* FirebaseStorage in Frameworks */,
				5188EEEE2AF2414C001F6A05 /* FirebaseDynamicLinks in Frameworks */,
				5188EEF22AF2414C001F6A05 /* FirebaseFirestoreCombine-Community in Frameworks */,
				5188EF022AF2414C001F6A05 /* FirebaseMessaging in Frameworks */,
				5188EEFE2AF2414C001F6A05 /* FirebaseInstallations in Frameworks */,
			);
			runOnlyForDeploymentPostprocessing = 0;
		};
/* End PBXFrameworksBuildPhase section */

/* Begin PBXGroup section */
		5188EEA72AF12838001F6A05 = {
			isa = PBXGroup;
			children = (
				5188EEB22AF12838001F6A05 /* SwiftUIAuthTutorial */,
				5188EEB12AF12838001F6A05 /* Products */,
			);
			sourceTree = "<group>";
		};
		5188EEB12AF12838001F6A05 /* Products */ = {
			isa = PBXGroup;
			children = (
				5188EEB02AF12838001F6A05 /* SwiftUIAuthTutorial.app */,
			);
			name = Products;
			sourceTree = "<group>";
		};
		5188EEB22AF12838001F6A05 /* SwiftUIAuthTutorial */ = {
			isa = PBXGroup;
			children = (
				5188EEC42AF12C28001F6A05 /* App */,
				5188EEC32AF12C26001F6A05 /* Components */,
				5188EEC22AF12C23001F6A05 /* Core */,
				5188EEC12AF12BE4001F6A05 /* Model */,
				5188EEB72AF1283A001F6A05 /* Assets.xcassets */,
				5188EED42AF23FF9001F6A05 /* GoogleService-Info.plist */,
				5188EEB92AF1283A001F6A05 /* Preview Content */,
			);
			path = SwiftUIAuthTutorial;
			sourceTree = "<group>";
		};
		5188EEB92AF1283A001F6A05 /* Preview Content */ = {
			isa = PBXGroup;
			children = (
				5188EEBA2AF1283A001F6A05 /* Preview Assets.xcassets */,
			);
			path = "Preview Content";
			sourceTree = "<group>";
		};
		5188EEC12AF12BE4001F6A05 /* Model */ = {
			isa = PBXGroup;
			children = (
				5188EED22AF236E2001F6A05 /* User.swift */,
			);
			path = Model;
			sourceTree = "<group>";
		};
		5188EEC22AF12C23001F6A05 /* Core */ = {
			isa = PBXGroup;
			children = (
				5188EEC62AF12DAD001F6A05 /* Authentication */,
				5188EEC72AF12DB8001F6A05 /* Profile */,
				5188EEC52AF12D92001F6A05 /* Root */,
			);
			path = Core;
			sourceTree = "<group>";
		};
		5188EEC32AF12C26001F6A05 /* Components */ = {
			isa = PBXGroup;
			children = (
				5188EECA2AF1340B001F6A05 /* InputView.swift */,
				5188EED02AF23004001F6A05 /* SettingsRowView.swift */,
			);
			path = Components;
			sourceTree = "<group>";
		};
		5188EEC42AF12C28001F6A05 /* App */ = {
			isa = PBXGroup;
			children = (
				5188EEB32AF12838001F6A05 /* SwiftUIAuthTutorialApp.swift */,
			);
			path = App;
			sourceTree = "<group>";
		};
		5188EEC52AF12D92001F6A05 /* Root */ = {
			isa = PBXGroup;
			children = (
				5188EEB52AF12838001F6A05 /* ContentView.swift */,
			);
			path = Root;
			sourceTree = "<group>";
		};
		5188EEC62AF12DAD001F6A05 /* Authentication */ = {
			isa = PBXGroup;
			children = (
				5188EF0D2AF2553A001F6A05 /* View */,
				5188EF0E2AF25543001F6A05 /* ViewModel */,
			);
			path = Authentication;
			sourceTree = "<group>";
		};
		5188EEC72AF12DB8001F6A05 /* Profile */ = {
			isa = PBXGroup;
			children = (
				5188EECE2AF228C3001F6A05 /* ProfileView.swift */,
			);
			path = Profile;
			sourceTree = "<group>";
		};
		5188EF0D2AF2553A001F6A05 /* View */ = {
			isa = PBXGroup;
			children = (
				5188EEC82AF12E53001F6A05 /* LoginView.swift */,
				5188EECC2AF21AB2001F6A05 /* RegistrationView.swift */,
			);
			path = View;
			sourceTree = "<group>";
		};
		5188EF0E2AF25543001F6A05 /* ViewModel */ = {
			isa = PBXGroup;
			children = (
				5188EF0F2AF255AA001F6A05 /* AuthViewModel.swift */,
			);
			path = ViewModel;
			sourceTree = "<group>";
		};
/* End PBXGroup section */

/* Begin PBXNativeTarget section */
		5188EEAF2AF12838001F6A05 /* SwiftUIAuthTutorial */ = {
			isa = PBXNativeTarget;
			buildConfigurationList = 5188EEBE2AF1283A001F6A05 /* Build configuration list for PBXNativeTarget "SwiftUIAuthTutorial" */;
			buildPhases = (
				5188EEAC2AF12838001F6A05 /* Sources */,
				5188EEAD2AF12838001F6A05 /* Frameworks */,
				5188EEAE2AF12838001F6A05 /* Resources */,
			);
			buildRules = (
			);
			dependencies = (
			);
			name = SwiftUIAuthTutorial;
			packageProductDependencies = (
				5188EED72AF2414C001F6A05 /* FirebaseAnalytics */,
				5188EED92AF2414C001F6A05 /* FirebaseAnalyticsOnDeviceConversion */,
				5188EEDB2AF2414C001F6A05 /* FirebaseAnalyticsSwift */,
				5188EEDD2AF2414C001F6A05 /* FirebaseAnalyticsWithoutAdIdSupport */,
				5188EEDF2AF2414C001F6A05 /* FirebaseAppCheck */,
				5188EEE12AF2414C001F6A05 /* FirebaseAppDistribution-Beta */,
				5188EEE32AF2414C001F6A05 /* FirebaseAuth */,
				5188EEE52AF2414C001F6A05 /* FirebaseAuthCombine-Community */,
				5188EEE72AF2414C001F6A05 /* FirebaseCrashlytics */,
				5188EEE92AF2414C001F6A05 /* FirebaseDatabase */,
				5188EEEB2AF2414C001F6A05 /* FirebaseDatabaseSwift */,
				5188EEED2AF2414C001F6A05 /* FirebaseDynamicLinks */,
				5188EEEF2AF2414C001F6A05 /* FirebaseFirestore */,
				5188EEF12AF2414C001F6A05 /* FirebaseFirestoreCombine-Community */,
				5188EEF32AF2414C001F6A05 /* FirebaseFirestoreSwift */,
				5188EEF52AF2414C001F6A05 /* FirebaseFunctions */,
				5188EEF72AF2414C001F6A05 /* FirebaseFunctionsCombine-Community */,
				5188EEF92AF2414C001F6A05 /* FirebaseInAppMessaging-Beta */,
				5188EEFB2AF2414C001F6A05 /* FirebaseInAppMessagingSwift-Beta */,
				5188EEFD2AF2414C001F6A05 /* FirebaseInstallations */,
				5188EEFF2AF2414C001F6A05 /* FirebaseMLModelDownloader */,
				5188EF012AF2414C001F6A05 /* FirebaseMessaging */,
				5188EF032AF2414C001F6A05 /* FirebasePerformance */,
				5188EF052AF2414C001F6A05 /* FirebaseRemoteConfig */,
				5188EF072AF2414C001F6A05 /* FirebaseRemoteConfigSwift */,
				5188EF092AF2414C001F6A05 /* FirebaseStorage */,
				5188EF0B2AF2414C001F6A05 /* FirebaseStorageCombine-Community */,
			);
			productName = SwiftUIAuthTutorial;
			productReference = 5188EEB02AF12838001F6A05 /* SwiftUIAuthTutorial.app */;
			productType = "com.apple.product-type.application";
		};
/* End PBXNativeTarget section */

/* Begin PBXProject section */
		5188EEA82AF12838001F6A05 /* Project object */ = {
			isa = PBXProject;
			attributes = {
				BuildIndependentTargetsInParallel = 1;
				LastSwiftUpdateCheck = 1500;
				LastUpgradeCheck = 1500;
				TargetAttributes = {
					5188EEAF2AF12838001F6A05 = {
						CreatedOnToolsVersion = 15.0;
					};
				};
			};
			buildConfigurationList = 5188EEAB2AF12838001F6A05 /* Build configuration list for PBXProject "SwiftUIAuthTutorial" */;
			compatibilityVersion = "Xcode 14.0";
			developmentRegion = en;
			hasScannedForEncodings = 0;
			knownRegions = (
				en,
				Base,
			);
			mainGroup = 5188EEA72AF12838001F6A05;
			packageReferences = (
				5188EED62AF2414C001F6A05 /* XCRemoteSwiftPackageReference "firebase-ios-sdk" */,
			);
			productRefGroup = 5188EEB12AF12838001F6A05 /* Products */;
			projectDirPath = "";
			projectRoot = "";
			targets = (
				5188EEAF2AF12838001F6A05 /* SwiftUIAuthTutorial */,
			);
		};
/* End PBXProject section */

/* Begin PBXResourcesBuildPhase section */
		5188EEAE2AF12838001F6A05 /* Resources */ = {
			isa = PBXResourcesBuildPhase;
			buildActionMask = 2147483647;
			files = (
				5188EEBB2AF1283A001F6A05 /* Preview Assets.xcassets in Resources */,
				5188EEB82AF1283A001F6A05 /* Assets.xcassets in Resources */,
				5188EED52AF23FF9001F6A05 /* GoogleService-Info.plist in Resources */,
			);
			runOnlyForDeploymentPostprocessing = 0;
		};
/* End PBXResourcesBuildPhase section */

/* Begin PBXSourcesBuildPhase section */
		5188EEAC2AF12838001F6A05 /* Sources */ = {
			isa = PBXSourcesBuildPhase;
			buildActionMask = 2147483647;
			files = (
				5188EEC92AF12E53001F6A05 /* LoginView.swift in Sources */,
				5188EECB2AF1340B001F6A05 /* InputView.swift in Sources */,
				5188EEB62AF12838001F6A05 /* ContentView.swift in Sources */,
				5188EEB42AF12838001F6A05 /* SwiftUIAuthTutorialApp.swift in Sources */,
				5188EED32AF236E2001F6A05 /* User.swift in Sources */,
				5188EECF2AF228C3001F6A05 /* ProfileView.swift in Sources */,
				5188EECD2AF21AB2001F6A05 /* RegistrationView.swift in Sources */,
				5188EED12AF23004001F6A05 /* SettingsRowView.swift in Sources */,
				5188EF102AF255AA001F6A05 /* AuthViewModel.swift in Sources */,
			);
			runOnlyForDeploymentPostprocessing = 0;
		};
/* End PBXSourcesBuildPhase section */

/* Begin XCBuildConfiguration section */
		5188EEBC2AF1283A001F6A05 /* Debug */ = {
			isa = XCBuildConfiguration;
			buildSettings = {
				ALWAYS_SEARCH_USER_PATHS = NO;
				ASSETCATALOG_COMPILER_GENERATE_SWIFT_ASSET_SYMBOL_EXTENSIONS = YES;
				CLANG_ANALYZER_NONNULL = YES;
				CLANG_ANALYZER_NUMBER_OBJECT_CONVERSION = YES_AGGRESSIVE;
				CLANG_CXX_LANGUAGE_STANDARD = "gnu++20";
				CLANG_ENABLE_MODULES = YES;
				CLANG_ENABLE_OBJC_ARC = YES;
				CLANG_ENABLE_OBJC_WEAK = YES;
				CLANG_WARN_BLOCK_CAPTURE_AUTORELEASING = YES;
				CLANG_WARN_BOOL_CONVERSION = YES;
				CLANG_WARN_COMMA = YES;
				CLANG_WARN_CONSTANT_CONVERSION = YES;
				CLANG_WARN_DEPRECATED_OBJC_IMPLEMENTATIONS = YES;
				CLANG_WARN_DIRECT_OBJC_ISA_USAGE = YES_ERROR;
				CLANG_WARN_DOCUMENTATION_COMMENTS = YES;
				CLANG_WARN_EMPTY_BODY = YES;
				CLANG_WARN_ENUM_CONVERSION = YES;
				CLANG_WARN_INFINITE_RECURSION = YES;
				CLANG_WARN_INT_CONVERSION = YES;
				CLANG_WARN_NON_LITERAL_NULL_CONVERSION = YES;
				CLANG_WARN_OBJC_IMPLICIT_RETAIN_SELF = YES;
				CLANG_WARN_OBJC_LITERAL_CONVERSION = YES;
				CLANG_WARN_OBJC_ROOT_CLASS = YES_ERROR;
				CLANG_WARN_QUOTED_INCLUDE_IN_FRAMEWORK_HEADER = YES;
				CLANG_WARN_RANGE_LOOP_ANALYSIS = YES;
				CLANG_WARN_STRICT_PROTOTYPES = YES;
				CLANG_WARN_SUSPICIOUS_MOVE = YES;
				CLANG_WARN_UNGUARDED_AVAILABILITY = YES_AGGRESSIVE;
				CLANG_WARN_UNREACHABLE_CODE = YES;
				CLANG_WARN__DUPLICATE_METHOD_MATCH = YES;
				COPY_PHASE_STRIP = NO;
				DEBUG_INFORMATION_FORMAT = dwarf;
				ENABLE_STRICT_OBJC_MSGSEND = YES;
				ENABLE_TESTABILITY = YES;
				ENABLE_USER_SCRIPT_SANDBOXING = YES;
				GCC_C_LANGUAGE_STANDARD = gnu17;
				GCC_DYNAMIC_NO_PIC = NO;
				GCC_NO_COMMON_BLOCKS = YES;
				GCC_OPTIMIZATION_LEVEL = 0;
				GCC_PREPROCESSOR_DEFINITIONS = (
					"DEBUG=1",
					"$(inherited)",
				);
				GCC_WARN_64_TO_32_BIT_CONVERSION = YES;
				GCC_WARN_ABOUT_RETURN_TYPE = YES_ERROR;
				GCC_WARN_UNDECLARED_SELECTOR = YES;
				GCC_WARN_UNINITIALIZED_AUTOS = YES_AGGRESSIVE;
				GCC_WARN_UNUSED_FUNCTION = YES;
				GCC_WARN_UNUSED_VARIABLE = YES;
				IPHONEOS_DEPLOYMENT_TARGET = 17.0;
				LOCALIZATION_PREFERS_STRING_CATALOGS = YES;
				MTL_ENABLE_DEBUG_INFO = INCLUDE_SOURCE;
				MTL_FAST_MATH = YES;
				ONLY_ACTIVE_ARCH = YES;
				SDKROOT = iphoneos;
				SWIFT_ACTIVE_COMPILATION_CONDITIONS = "DEBUG $(inherited)";
				SWIFT_OPTIMIZATION_LEVEL = "-Onone";
			};
			name = Debug;
		};
		5188EEBD2AF1283A001F6A05 /* Release */ = {
			isa = XCBuildConfiguration;
			buildSettings = {
				ALWAYS_SEARCH_USER_PATHS = NO;
				ASSETCATALOG_COMPILER_GENERATE_SWIFT_ASSET_SYMBOL_EXTENSIONS = YES;
				CLANG_ANALYZER_NONNULL = YES;
				CLANG_ANALYZER_NUMBER_OBJECT_CONVERSION = YES_AGGRESSIVE;
				CLANG_CXX_LANGUAGE_STANDARD = "gnu++20";
				CLANG_ENABLE_MODULES = YES;
				CLANG_ENABLE_OBJC_ARC = YES;
				CLANG_ENABLE_OBJC_WEAK = YES;
				CLANG_WARN_BLOCK_CAPTURE_AUTORELEASING = YES;
				CLANG_WARN_BOOL_CONVERSION = YES;
				CLANG_WARN_COMMA = YES;
				CLANG_WARN_CONSTANT_CONVERSION = YES;
				CLANG_WARN_DEPRECATED_OBJC_IMPLEMENTATIONS = YES;
				CLANG_WARN_DIRECT_OBJC_ISA_USAGE = YES_ERROR;
				CLANG_WARN_DOCUMENTATION_COMMENTS = YES;
				CLANG_WARN_EMPTY_BODY = YES;
				CLANG_WARN_ENUM_CONVERSION = YES;
				CLANG_WARN_INFINITE_RECURSION = YES;
				CLANG_WARN_INT_CONVERSION = YES;
				CLANG_WARN_NON_LITERAL_NULL_CONVERSION = YES;
				CLANG_WARN_OBJC_IMPLICIT_RETAIN_SELF = YES;
				CLANG_WARN_OBJC_LITERAL_CONVERSION = YES;
				CLANG_WARN_OBJC_ROOT_CLASS = YES_ERROR;
				CLANG_WARN_QUOTED_INCLUDE_IN_FRAMEWORK_HEADER = YES;
				CLANG_WARN_RANGE_LOOP_ANALYSIS = YES;
				CLANG_WARN_STRICT_PROTOTYPES = YES;
				CLANG_WARN_SUSPICIOUS_MOVE = YES;
				CLANG_WARN_UNGUARDED_AVAILABILITY = YES_AGGRESSIVE;
				CLANG_WARN_UNREACHABLE_CODE = YES;
				CLANG_WARN__DUPLICATE_METHOD_MATCH = YES;
				COPY_PHASE_STRIP = NO;
				DEBUG_INFORMATION_FORMAT = "dwarf-with-dsym";
				ENABLE_NS_ASSERTIONS = NO;
				ENABLE_STRICT_OBJC_MSGSEND = YES;
				ENABLE_USER_SCRIPT_SANDBOXING = YES;
				GCC_C_LANGUAGE_STANDARD = gnu17;
				GCC_NO_COMMON_BLOCKS = YES;
				GCC_WARN_64_TO_32_BIT_CONVERSION = YES;
				GCC_WARN_ABOUT_RETURN_TYPE = YES_ERROR;
				GCC_WARN_UNDECLARED_SELECTOR = YES;
				GCC_WARN_UNINITIALIZED_AUTOS = YES_AGGRESSIVE;
				GCC_WARN_UNUSED_FUNCTION = YES;
				GCC_WARN_UNUSED_VARIABLE = YES;
				IPHONEOS_DEPLOYMENT_TARGET = 17.0;
				LOCALIZATION_PREFERS_STRING_CATALOGS = YES;
				MTL_ENABLE_DEBUG_INFO = NO;
				MTL_FAST_MATH = YES;
				SDKROOT = iphoneos;
				SWIFT_COMPILATION_MODE = wholemodule;
				VALIDATE_PRODUCT = YES;
			};
			name = Release;
		};
		5188EEBF2AF1283A001F6A05 /* Debug */ = {
			isa = XCBuildConfiguration;
			buildSettings = {
				ASSETCATALOG_COMPILER_APPICON_NAME = AppIcon;
				ASSETCATALOG_COMPILER_GLOBAL_ACCENT_COLOR_NAME = AccentColor;
				CODE_SIGN_STYLE = Automatic;
				CURRENT_PROJECT_VERSION = 1;
				DEVELOPMENT_ASSET_PATHS = "\"SwiftUIAuthTutorial/Preview Content\"";
				DEVELOPMENT_TEAM = J6ZD92B944;
				ENABLE_PREVIEWS = YES;
				GENERATE_INFOPLIST_FILE = YES;
				INFOPLIST_KEY_UIApplicationSceneManifest_Generation = YES;
				INFOPLIST_KEY_UIApplicationSupportsIndirectInputEvents = YES;
				INFOPLIST_KEY_UILaunchScreen_Generation = YES;
				INFOPLIST_KEY_UISupportedInterfaceOrientations_iPad = "UIInterfaceOrientationPortrait UIInterfaceOrientationPortraitUpsideDown UIInterfaceOrientationLandscapeLeft UIInterfaceOrientationLandscapeRight";
				INFOPLIST_KEY_UISupportedInterfaceOrientations_iPhone = "UIInterfaceOrientationPortrait UIInterfaceOrientationLandscapeLeft UIInterfaceOrientationLandscapeRight";
				LD_RUNPATH_SEARCH_PATHS = (
					"$(inherited)",
					"@executable_path/Frameworks",
				);
				MARKETING_VERSION = 1.0;
				PRODUCT_BUNDLE_IDENTIFIER = com.lakithjayalath.SwiftUIAuthTutorial;
				PRODUCT_NAME = "$(TARGET_NAME)";
				SWIFT_EMIT_LOC_STRINGS = YES;
				SWIFT_VERSION = 5.0;
				TARGETED_DEVICE_FAMILY = "1,2";
			};
			name = Debug;
		};
		5188EEC02AF1283A001F6A05 /* Release */ = {
			isa = XCBuildConfiguration;
			buildSettings = {
				ASSETCATALOG_COMPILER_APPICON_NAME = AppIcon;
				ASSETCATALOG_COMPILER_GLOBAL_ACCENT_COLOR_NAME = AccentColor;
				CODE_SIGN_STYLE = Automatic;
				CURRENT_PROJECT_VERSION = 1;
				DEVELOPMENT_ASSET_PATHS = "\"SwiftUIAuthTutorial/Preview Content\"";
				DEVELOPMENT_TEAM = J6ZD92B944;
				ENABLE_PREVIEWS = YES;
				GENERATE_INFOPLIST_FILE = YES;
				INFOPLIST_KEY_UIApplicationSceneManifest_Generation = YES;
				INFOPLIST_KEY_UIApplicationSupportsIndirectInputEvents = YES;
				INFOPLIST_KEY_UILaunchScreen_Generation = YES;
				INFOPLIST_KEY_UISupportedInterfaceOrientations_iPad = "UIInterfaceOrientationPortrait UIInterfaceOrientationPortraitUpsideDown UIInterfaceOrientationLandscapeLeft UIInterfaceOrientationLandscapeRight";
				INFOPLIST_KEY_UISupportedInterfaceOrientations_iPhone = "UIInterfaceOrientationPortrait UIInterfaceOrientationLandscapeLeft UIInterfaceOrientationLandscapeRight";
				LD_RUNPATH_SEARCH_PATHS = (
					"$(inherited)",
					"@executable_path/Frameworks",
				);
				MARKETING_VERSION = 1.0;
				PRODUCT_BUNDLE_IDENTIFIER = com.lakithjayalath.SwiftUIAuthTutorial;
				PRODUCT_NAME = "$(TARGET_NAME)";
				SWIFT_EMIT_LOC_STRINGS = YES;
				SWIFT_VERSION = 5.0;
				TARGETED_DEVICE_FAMILY = "1,2";
			};
			name = Release;
		};
/* End XCBuildConfiguration section */

/* Begin XCConfigurationList section */
		5188EEAB2AF12838001F6A05 /* Build configuration list for PBXProject "SwiftUIAuthTutorial" */ = {
			isa = XCConfigurationList;
			buildConfigurations = (
				5188EEBC2AF1283A001F6A05 /* Debug */,
				5188EEBD2AF1283A001F6A05 /* Release */,
			);
			defaultConfigurationIsVisible = 0;
			defaultConfigurationName = Release;
		};
		5188EEBE2AF1283A001F6A05 /* Build configuration list for PBXNativeTarget "SwiftUIAuthTutorial" */ = {
			isa = XCConfigurationList;
			buildConfigurations = (
				5188EEBF2AF1283A001F6A05 /* Debug */,
				5188EEC02AF1283A001F6A05 /* Release */,
			);
			defaultConfigurationIsVisible = 0;
			defaultConfigurationName = Release;
		};
/* End XCConfigurationList section */

/* Begin XCRemoteSwiftPackageReference section */
		5188EED62AF2414C001F6A05 /* XCRemoteSwiftPackageReference "firebase-ios-sdk" */ = {
			isa = XCRemoteSwiftPackageReference;
			repositoryURL = "https://github.com/firebase/firebase-ios-sdk";
			requirement = {
				kind = upToNextMajorVersion;
				minimumVersion = 10.17.0;
			};
		};
/* End XCRemoteSwiftPackageReference section */

/* Begin XCSwiftPackageProductDependency section */
		5188EED72AF2414C001F6A05 /* FirebaseAnalytics */ = {
			isa = XCSwiftPackageProductDependency;
			package = 5188EED62AF2414C001F6A05 /* XCRemoteSwiftPackageReference "firebase-ios-sdk" */;
			productName = FirebaseAnalytics;
		};
		5188EED92AF2414C001F6A05 /* FirebaseAnalyticsOnDeviceConversion */ = {
			isa = XCSwiftPackageProductDependency;
			package = 5188EED62AF2414C001F6A05 /* XCRemoteSwiftPackageReference "firebase-ios-sdk" */;
			productName = FirebaseAnalyticsOnDeviceConversion;
		};
		5188EEDB2AF2414C001F6A05 /* FirebaseAnalyticsSwift */ = {
			isa = XCSwiftPackageProductDependency;
			package = 5188EED62AF2414C001F6A05 /* XCRemoteSwiftPackageReference "firebase-ios-sdk" */;
			productName = FirebaseAnalyticsSwift;
		};
		5188EEDD2AF2414C001F6A05 /* FirebaseAnalyticsWithoutAdIdSupport */ = {
			isa = XCSwiftPackageProductDependency;
			package = 5188EED62AF2414C001F6A05 /* XCRemoteSwiftPackageReference "firebase-ios-sdk" */;
			productName = FirebaseAnalyticsWithoutAdIdSupport;
		};
		5188EEDF2AF2414C001F6A05 /* FirebaseAppCheck */ = {
			isa = XCSwiftPackageProductDependency;
			package = 5188EED62AF2414C001F6A05 /* XCRemoteSwiftPackageReference "firebase-ios-sdk" */;
			productName = FirebaseAppCheck;
		};
		5188EEE12AF2414C001F6A05 /* FirebaseAppDistribution-Beta */ = {
			isa = XCSwiftPackageProductDependency;
			package = 5188EED62AF2414C001F6A05 /* XCRemoteSwiftPackageReference "firebase-ios-sdk" */;
			productName = "FirebaseAppDistribution-Beta";
		};
		5188EEE32AF2414C001F6A05 /* FirebaseAuth */ = {
			isa = XCSwiftPackageProductDependency;
			package = 5188EED62AF2414C001F6A05 /* XCRemoteSwiftPackageReference "firebase-ios-sdk" */;
			productName = FirebaseAuth;
		};
		5188EEE52AF2414C001F6A05 /* FirebaseAuthCombine-Community */ = {
			isa = XCSwiftPackageProductDependency;
			package = 5188EED62AF2414C001F6A05 /* XCRemoteSwiftPackageReference "firebase-ios-sdk" */;
			productName = "FirebaseAuthCombine-Community";
		};
		5188EEE72AF2414C001F6A05 /* FirebaseCrashlytics */ = {
			isa = XCSwiftPackageProductDependency;
			package = 5188EED62AF2414C001F6A05 /* XCRemoteSwiftPackageReference "firebase-ios-sdk" */;
			productName = FirebaseCrashlytics;
		};
		5188EEE92AF2414C001F6A05 /* FirebaseDatabase */ = {
			isa = XCSwiftPackageProductDependency;
			package = 5188EED62AF2414C001F6A05 /* XCRemoteSwiftPackageReference "firebase-ios-sdk" */;
			productName = FirebaseDatabase;
		};
		5188EEEB2AF2414C001F6A05 /* FirebaseDatabaseSwift */ = {
			isa = XCSwiftPackageProductDependency;
			package = 5188EED62AF2414C001F6A05 /* XCRemoteSwiftPackageReference "firebase-ios-sdk" */;
			productName = FirebaseDatabaseSwift;
		};
		5188EEED2AF2414C001F6A05 /* FirebaseDynamicLinks */ = {
			isa = XCSwiftPackageProductDependency;
			package = 5188EED62AF2414C001F6A05 /* XCRemoteSwiftPackageReference "firebase-ios-sdk" */;
			productName = FirebaseDynamicLinks;
		};
		5188EEEF2AF2414C001F6A05 /* FirebaseFirestore */ = {
			isa = XCSwiftPackageProductDependency;
			package = 5188EED62AF2414C001F6A05 /* XCRemoteSwiftPackageReference "firebase-ios-sdk" */;
			productName = FirebaseFirestore;
		};
		5188EEF12AF2414C001F6A05 /* FirebaseFirestoreCombine-Community */ = {
			isa = XCSwiftPackageProductDependency;
			package = 5188EED62AF2414C001F6A05 /* XCRemoteSwiftPackageReference "firebase-ios-sdk" */;
			productName = "FirebaseFirestoreCombine-Community";
		};
		5188EEF32AF2414C001F6A05 /* FirebaseFirestoreSwift */ = {
			isa = XCSwiftPackageProductDependency;
			package = 5188EED62AF2414C001F6A05 /* XCRemoteSwiftPackageReference "firebase-ios-sdk" */;
			productName = FirebaseFirestoreSwift;
		};
		5188EEF52AF2414C001F6A05 /* FirebaseFunctions */ = {
			isa = XCSwiftPackageProductDependency;
			package = 5188EED62AF2414C001F6A05 /* XCRemoteSwiftPackageReference "firebase-ios-sdk" */;
			productName = FirebaseFunctions;
		};
		5188EEF72AF2414C001F6A05 /* FirebaseFunctionsCombine-Community */ = {
			isa = XCSwiftPackageProductDependency;
			package = 5188EED62AF2414C001F6A05 /* XCRemoteSwiftPackageReference "firebase-ios-sdk" */;
			productName = "FirebaseFunctionsCombine-Community";
		};
		5188EEF92AF2414C001F6A05 /* FirebaseInAppMessaging-Beta */ = {
			isa = XCSwiftPackageProductDependency;
			package = 5188EED62AF2414C001F6A05 /* XCRemoteSwiftPackageReference "firebase-ios-sdk" */;
			productName = "FirebaseInAppMessaging-Beta";
		};
		5188EEFB2AF2414C001F6A05 /* FirebaseInAppMessagingSwift-Beta */ = {
			isa = XCSwiftPackageProductDependency;
			package = 5188EED62AF2414C001F6A05 /* XCRemoteSwiftPackageReference "firebase-ios-sdk" */;
			productName = "FirebaseInAppMessagingSwift-Beta";
		};
		5188EEFD2AF2414C001F6A05 /* FirebaseInstallations */ = {
			isa = XCSwiftPackageProductDependency;
			package = 5188EED62AF2414C001F6A05 /* XCRemoteSwiftPackageReference "firebase-ios-sdk" */;
			productName = FirebaseInstallations;
		};
		5188EEFF2AF2414C001F6A05 /* FirebaseMLModelDownloader */ = {
			isa = XCSwiftPackageProductDependency;
			package = 5188EED62AF2414C001F6A05 /* XCRemoteSwiftPackageReference "firebase-ios-sdk" */;
			productName = FirebaseMLModelDownloader;
		};
		5188EF012AF2414C001F6A05 /* FirebaseMessaging */ = {
			isa = XCSwiftPackageProductDependency;
			package = 5188EED62AF2414C001F6A05 /* XCRemoteSwiftPackageReference "firebase-ios-sdk" */;
			productName = FirebaseMessaging;
		};
		5188EF032AF2414C001F6A05 /* FirebasePerformance */ = {
			isa = XCSwiftPackageProductDependency;
			package = 5188EED62AF2414C001F6A05 /* XCRemoteSwiftPackageReference "firebase-ios-sdk" */;
			productName = FirebasePerformance;
		};
		5188EF052AF2414C001F6A05 /* FirebaseRemoteConfig */ = {
			isa = XCSwiftPackageProductDependency;
			package = 5188EED62AF2414C001F6A05 /* XCRemoteSwiftPackageReference "firebase-ios-sdk" */;
			productName = FirebaseRemoteConfig;
		};
		5188EF072AF2414C001F6A05 /* FirebaseRemoteConfigSwift */ = {
			isa = XCSwiftPackageProductDependency;
			package = 5188EED62AF2414C001F6A05 /* XCRemoteSwiftPackageReference "firebase-ios-sdk" */;
			productName = FirebaseRemoteConfigSwift;
		};
		5188EF092AF2414C001F6A05 /* FirebaseStorage */ = {
			isa = XCSwiftPackageProductDependency;
			package = 5188EED62AF2414C001F6A05 /* XCRemoteSwiftPackageReference "firebase-ios-sdk" */;
			productName = FirebaseStorage;
		};
		5188EF0B2AF2414C001F6A05 /* FirebaseStorageCombine-Community */ = {
			isa = XCSwiftPackageProductDependency;
			package = 5188EED62AF2414C001F6A05 /* XCRemoteSwiftPackageReference "firebase-ios-sdk" */;
			productName = "FirebaseStorageCombine-Community";
		};
/* End XCSwiftPackageProductDependency section */
	};
	rootObject = 5188EEA82AF12838001F6A05 /* Project object */;
}
